
Microsoft Visual Studio Solution File, Format Version 12.00
# Visual Studio 15
VisualStudioVersion = 15.0.28010.2016
MinimumVisualStudioVersion = 10.0.40219.1
Project("{9A19103F-16F7-4668-BE54-9A1E7A4F7556}") = "InWords.WebApi", "InWords.WebApi\InWords.WebApi.csproj", "{3C22AC50-8415-43F5-9C4E-CB098D85E88A}"
EndProject
Project("{9A19103F-16F7-4668-BE54-9A1E7A4F7556}") = "InWords.Data", "InWords.Data\InWords.Data.csproj", "{74BCBD28-95AD-4C98-8536-E5EF3434FA3E}"
EndProject
Project("{2150E333-8FDC-42A3-9474-1A3956D46DE8}") = "Solution Items", "Solution Items", "{13FB1C68-0D7F-4E89-A413-0694A2E8A26D}"
	ProjectSection(SolutionItems) = preProject
		README.txt = README.txt
	EndProjectSection
EndProject
Global
	GlobalSection(SolutionConfigurationPlatforms) = preSolution
		Debug|Any CPU = Debug|Any CPU
		Release|Any CPU = Release|Any CPU
	EndGlobalSection
	GlobalSection(ProjectConfigurationPlatforms) = postSolution
		{3C22AC50-8415-43F5-9C4E-CB098D85E88A}.Debug|Any CPU.ActiveCfg = Debug|Any CPU
		{3C22AC50-8415-43F5-9C4E-CB098D85E88A}.Debug|Any CPU.Build.0 = Debug|Any CPU
		{3C22AC50-8415-43F5-9C4E-CB098D85E88A}.Release|Any CPU.ActiveCfg = Release|Any CPU
		{3C22AC50-8415-43F5-9C4E-CB098D85E88A}.Release|Any CPU.Build.0 = Release|Any CPU
		{74BCBD28-95AD-4C98-8536-E5EF3434FA3E}.Debug|Any CPU.ActiveCfg = Debug|Any CPU
		{74BCBD28-95AD-4C98-8536-E5EF3434FA3E}.Debug|Any CPU.Build.0 = Debug|Any CPU
		{74BCBD28-95AD-4C98-8536-E5EF3434FA3E}.Release|Any CPU.ActiveCfg = Release|Any CPU
		{74BCBD28-95AD-4C98-8536-E5EF3434FA3E}.Release|Any CPU.Build.0 = Release|Any CPU
	EndGlobalSection
	GlobalSection(SolutionProperties) = preSolution
		HideSolutionNode = FALSE
	EndGlobalSection
	GlobalSection(ExtensibilityGlobals) = postSolution
		SolutionGuid = {9850975A-90C0-46D6-8871-8089E973D48C}
	EndGlobalSection
EndGlobal
