
Microsoft Visual Studio Solution File, Format Version 12.00
# Visual Studio Version 16
VisualStudioVersion = 16.0.28803.156
MinimumVisualStudioVersion = 10.0.40219.1
Project("{9A19103F-16F7-4668-BE54-9A1E7A4F7556}") = "InWords.WebApi", "InWords.WebApi\InWords.WebApi.csproj", "{3C22AC50-8415-43F5-9C4E-CB098D85E88A}"
EndProject
Project("{9A19103F-16F7-4668-BE54-9A1E7A4F7556}") = "InWords.Data", "InWords.Data\InWords.Data.csproj", "{74BCBD28-95AD-4C98-8536-E5EF3434FA3E}"
EndProject
Project("{2150E333-8FDC-42A3-9474-1A3956D46DE8}") = "Solution Items", "Solution Items", "{13FB1C68-0D7F-4E89-A413-0694A2E8A26D}"
	ProjectSection(SolutionItems) = preProject
		.editorconfig = .editorconfig
		README.txt = README.txt
	EndProjectSection
EndProject
Project("{9A19103F-16F7-4668-BE54-9A1E7A4F7556}") = "InWords.Service.Encryption", "InWords.Service.Encryption\InWords.Service.Encryption.csproj", "{21A744E8-498E-4E25-8EDD-B43E21626600}"
EndProject
Project("{9A19103F-16F7-4668-BE54-9A1E7A4F7556}") = "InWords.Data.DTO", "InWords.Data.DTO\InWords.Data.DTO.csproj", "{1AB890AF-DDE9-4571-B924-1C32E6BE62F8}"
EndProject
Project("{9A19103F-16F7-4668-BE54-9A1E7A4F7556}") = "InWords.Service.Auth", "InWords.Service.Auth\InWords.Service.Auth.csproj", "{38BF2A2C-0AE6-4662-A9D5-B0F649BD4F0B}"
EndProject
Project("{2150E333-8FDC-42A3-9474-1A3956D46DE8}") = "Tests", "Tests", "{CD10FF2A-C193-43CC-BC31-CBC910726F01}"
EndProject
Project("{9A19103F-16F7-4668-BE54-9A1E7A4F7556}") = "InWords.CommonTests", "InWords.CommonTests\InWords.CommonTests.csproj", "{10419107-2DC3-471A-A3E4-9B36639EBD5B}"
EndProject
Project("{9A19103F-16F7-4668-BE54-9A1E7A4F7556}") = "InWords.Common", "InWords.Common\InWords.Common.csproj", "{7F7AF496-40DF-4AFC-9794-66E241DAC416}"
EndProject
Project("{9A19103F-16F7-4668-BE54-9A1E7A4F7556}") = "InWords.Service.AuthTests", "InWords.Service.AuthTests\InWords.Service.AuthTests.csproj", "{841D9413-C52C-4622-BAC3-42AE5B00E383}"
EndProject
Project("{9A19103F-16F7-4668-BE54-9A1E7A4F7556}") = "InWords.Service.EncryptionTests", "InWords.Service.EncryptionTests\InWords.Service.EncryptionTests.csproj", "{255ABCFC-4FB1-407F-8336-FF995A01935B}"
EndProject
Project("{9A19103F-16F7-4668-BE54-9A1E7A4F7556}") = "InWords.WebApiTests", "InWords.WebApiTests\InWords.WebApiTests.csproj", "{EE41608C-AE05-46A5-AFA7-587ACCD81303}"
EndProject
Project("{9A19103F-16F7-4668-BE54-9A1E7A4F7556}") = "InWords.Data.DTOTests", "InWords.Data.DTOTests\InWords.Data.DTOTests.csproj", "{1EB09301-85EB-477F-8293-7AC8E2BBB4C0}"
EndProject
Project("{9A19103F-16F7-4668-BE54-9A1E7A4F7556}") = "InWords.Protobuf", "InWords.Protobuf\InWords.Protobuf.csproj", "{3DC6FE52-CB0A-4DA9-BADE-DE3C8C9D883F}"
EndProject
Project("{F2A71F9B-5D33-465A-A702-920D77279786}") = "InWords.Business", "InWords.Business\InWords.Business.fsproj", "{35A91150-E455-445E-9FAC-89781FC01D8C}"
EndProject
Global
	GlobalSection(SolutionConfigurationPlatforms) = preSolution
		Debug|Any CPU = Debug|Any CPU
		Release|Any CPU = Release|Any CPU
	EndGlobalSection
	GlobalSection(ProjectConfigurationPlatforms) = postSolution
		{3C22AC50-8415-43F5-9C4E-CB098D85E88A}.Debug|Any CPU.ActiveCfg = Debug|Any CPU
		{3C22AC50-8415-43F5-9C4E-CB098D85E88A}.Debug|Any CPU.Build.0 = Debug|Any CPU
		{3C22AC50-8415-43F5-9C4E-CB098D85E88A}.Release|Any CPU.ActiveCfg = Release|Any CPU
		{3C22AC50-8415-43F5-9C4E-CB098D85E88A}.Release|Any CPU.Build.0 = Release|Any CPU
		{74BCBD28-95AD-4C98-8536-E5EF3434FA3E}.Debug|Any CPU.ActiveCfg = Debug|Any CPU
		{74BCBD28-95AD-4C98-8536-E5EF3434FA3E}.Debug|Any CPU.Build.0 = Debug|Any CPU
		{74BCBD28-95AD-4C98-8536-E5EF3434FA3E}.Release|Any CPU.ActiveCfg = Release|Any CPU
		{74BCBD28-95AD-4C98-8536-E5EF3434FA3E}.Release|Any CPU.Build.0 = Release|Any CPU
		{21A744E8-498E-4E25-8EDD-B43E21626600}.Debug|Any CPU.ActiveCfg = Debug|Any CPU
		{21A744E8-498E-4E25-8EDD-B43E21626600}.Debug|Any CPU.Build.0 = Debug|Any CPU
		{21A744E8-498E-4E25-8EDD-B43E21626600}.Release|Any CPU.ActiveCfg = Release|Any CPU
		{21A744E8-498E-4E25-8EDD-B43E21626600}.Release|Any CPU.Build.0 = Release|Any CPU
		{1AB890AF-DDE9-4571-B924-1C32E6BE62F8}.Debug|Any CPU.ActiveCfg = Debug|Any CPU
		{1AB890AF-DDE9-4571-B924-1C32E6BE62F8}.Debug|Any CPU.Build.0 = Debug|Any CPU
		{1AB890AF-DDE9-4571-B924-1C32E6BE62F8}.Release|Any CPU.ActiveCfg = Release|Any CPU
		{1AB890AF-DDE9-4571-B924-1C32E6BE62F8}.Release|Any CPU.Build.0 = Release|Any CPU
		{38BF2A2C-0AE6-4662-A9D5-B0F649BD4F0B}.Debug|Any CPU.ActiveCfg = Debug|Any CPU
		{38BF2A2C-0AE6-4662-A9D5-B0F649BD4F0B}.Debug|Any CPU.Build.0 = Debug|Any CPU
		{38BF2A2C-0AE6-4662-A9D5-B0F649BD4F0B}.Release|Any CPU.ActiveCfg = Release|Any CPU
		{38BF2A2C-0AE6-4662-A9D5-B0F649BD4F0B}.Release|Any CPU.Build.0 = Release|Any CPU
		{10419107-2DC3-471A-A3E4-9B36639EBD5B}.Debug|Any CPU.ActiveCfg = Debug|Any CPU
		{10419107-2DC3-471A-A3E4-9B36639EBD5B}.Debug|Any CPU.Build.0 = Debug|Any CPU
		{10419107-2DC3-471A-A3E4-9B36639EBD5B}.Release|Any CPU.ActiveCfg = Release|Any CPU
		{10419107-2DC3-471A-A3E4-9B36639EBD5B}.Release|Any CPU.Build.0 = Release|Any CPU
		{7F7AF496-40DF-4AFC-9794-66E241DAC416}.Debug|Any CPU.ActiveCfg = Debug|Any CPU
		{7F7AF496-40DF-4AFC-9794-66E241DAC416}.Debug|Any CPU.Build.0 = Debug|Any CPU
		{7F7AF496-40DF-4AFC-9794-66E241DAC416}.Release|Any CPU.ActiveCfg = Release|Any CPU
		{7F7AF496-40DF-4AFC-9794-66E241DAC416}.Release|Any CPU.Build.0 = Release|Any CPU
		{841D9413-C52C-4622-BAC3-42AE5B00E383}.Debug|Any CPU.ActiveCfg = Debug|Any CPU
		{841D9413-C52C-4622-BAC3-42AE5B00E383}.Debug|Any CPU.Build.0 = Debug|Any CPU
		{841D9413-C52C-4622-BAC3-42AE5B00E383}.Release|Any CPU.ActiveCfg = Release|Any CPU
		{841D9413-C52C-4622-BAC3-42AE5B00E383}.Release|Any CPU.Build.0 = Release|Any CPU
		{255ABCFC-4FB1-407F-8336-FF995A01935B}.Debug|Any CPU.ActiveCfg = Debug|Any CPU
		{255ABCFC-4FB1-407F-8336-FF995A01935B}.Debug|Any CPU.Build.0 = Debug|Any CPU
		{255ABCFC-4FB1-407F-8336-FF995A01935B}.Release|Any CPU.ActiveCfg = Release|Any CPU
		{255ABCFC-4FB1-407F-8336-FF995A01935B}.Release|Any CPU.Build.0 = Release|Any CPU
		{EE41608C-AE05-46A5-AFA7-587ACCD81303}.Debug|Any CPU.ActiveCfg = Debug|Any CPU
		{EE41608C-AE05-46A5-AFA7-587ACCD81303}.Debug|Any CPU.Build.0 = Debug|Any CPU
		{EE41608C-AE05-46A5-AFA7-587ACCD81303}.Release|Any CPU.ActiveCfg = Release|Any CPU
		{EE41608C-AE05-46A5-AFA7-587ACCD81303}.Release|Any CPU.Build.0 = Release|Any CPU
		{1EB09301-85EB-477F-8293-7AC8E2BBB4C0}.Debug|Any CPU.ActiveCfg = Debug|Any CPU
		{1EB09301-85EB-477F-8293-7AC8E2BBB4C0}.Debug|Any CPU.Build.0 = Debug|Any CPU
		{1EB09301-85EB-477F-8293-7AC8E2BBB4C0}.Release|Any CPU.ActiveCfg = Release|Any CPU
		{1EB09301-85EB-477F-8293-7AC8E2BBB4C0}.Release|Any CPU.Build.0 = Release|Any CPU
		{3DC6FE52-CB0A-4DA9-BADE-DE3C8C9D883F}.Debug|Any CPU.ActiveCfg = Debug|Any CPU
		{3DC6FE52-CB0A-4DA9-BADE-DE3C8C9D883F}.Debug|Any CPU.Build.0 = Debug|Any CPU
		{3DC6FE52-CB0A-4DA9-BADE-DE3C8C9D883F}.Release|Any CPU.ActiveCfg = Release|Any CPU
		{3DC6FE52-CB0A-4DA9-BADE-DE3C8C9D883F}.Release|Any CPU.Build.0 = Release|Any CPU
		{35A91150-E455-445E-9FAC-89781FC01D8C}.Debug|Any CPU.ActiveCfg = Debug|Any CPU
		{35A91150-E455-445E-9FAC-89781FC01D8C}.Debug|Any CPU.Build.0 = Debug|Any CPU
		{35A91150-E455-445E-9FAC-89781FC01D8C}.Release|Any CPU.ActiveCfg = Release|Any CPU
		{35A91150-E455-445E-9FAC-89781FC01D8C}.Release|Any CPU.Build.0 = Release|Any CPU
	EndGlobalSection
	GlobalSection(SolutionProperties) = preSolution
		HideSolutionNode = FALSE
	EndGlobalSection
	GlobalSection(NestedProjects) = preSolution
		{10419107-2DC3-471A-A3E4-9B36639EBD5B} = {CD10FF2A-C193-43CC-BC31-CBC910726F01}
		{841D9413-C52C-4622-BAC3-42AE5B00E383} = {CD10FF2A-C193-43CC-BC31-CBC910726F01}
		{255ABCFC-4FB1-407F-8336-FF995A01935B} = {CD10FF2A-C193-43CC-BC31-CBC910726F01}
		{EE41608C-AE05-46A5-AFA7-587ACCD81303} = {CD10FF2A-C193-43CC-BC31-CBC910726F01}
		{1EB09301-85EB-477F-8293-7AC8E2BBB4C0} = {CD10FF2A-C193-43CC-BC31-CBC910726F01}
	EndGlobalSection
	GlobalSection(ExtensibilityGlobals) = postSolution
		SolutionGuid = {9850975A-90C0-46D6-8871-8089E973D48C}
	EndGlobalSection
EndGlobal
