
Microsoft Visual Studio Solution File, Format Version 12.00
# Visual Studio Version 16
VisualStudioVersion = 16.0.28803.156
MinimumVisualStudioVersion = 10.0.40219.1
Project("{FAE04EC0-301F-11D3-BF4B-00C04F79EFBC}") = "InWords.Shared.Test", "InWords.Shared.Test\InWords.Shared.Test.csproj", "{21ED5165-3353-4A67-9152-F1B093790E9D}"
EndProject
Project("{8BC9CEB8-8B4A-11D0-8D11-00A0C91BC942}") = "InWords.Shared", "InWords.Shared\InWords.Shared.vcxproj", "{28F0AC02-059B-4A41-91D6-E3E74FBE02BD}"
EndProject
Global
	GlobalSection(SolutionConfigurationPlatforms) = preSolution
		Debug|Any CPU = Debug|Any CPU
		Debug|x64 = Debug|x64
		Debug|x86 = Debug|x86
		Release|Any CPU = Release|Any CPU
		Release|x64 = Release|x64
		Release|x86 = Release|x86
	EndGlobalSection
	GlobalSection(ProjectConfigurationPlatforms) = postSolution
		{21ED5165-3353-4A67-9152-F1B093790E9D}.Debug|Any CPU.ActiveCfg = Debug|Any CPU
		{21ED5165-3353-4A67-9152-F1B093790E9D}.Debug|Any CPU.Build.0 = Debug|Any CPU
		{21ED5165-3353-4A67-9152-F1B093790E9D}.Debug|x64.ActiveCfg = Debug|x64
		{21ED5165-3353-4A67-9152-F1B093790E9D}.Debug|x64.Build.0 = Debug|x64
		{21ED5165-3353-4A67-9152-F1B093790E9D}.Debug|x86.ActiveCfg = Debug|Any CPU
		{21ED5165-3353-4A67-9152-F1B093790E9D}.Debug|x86.Build.0 = Debug|Any CPU
		{21ED5165-3353-4A67-9152-F1B093790E9D}.Release|Any CPU.ActiveCfg = Release|Any CPU
		{21ED5165-3353-4A67-9152-F1B093790E9D}.Release|Any CPU.Build.0 = Release|Any CPU
		{21ED5165-3353-4A67-9152-F1B093790E9D}.Release|x64.ActiveCfg = Release|Any CPU
		{21ED5165-3353-4A67-9152-F1B093790E9D}.Release|x64.Build.0 = Release|Any CPU
		{21ED5165-3353-4A67-9152-F1B093790E9D}.Release|x86.ActiveCfg = Release|Any CPU
		{21ED5165-3353-4A67-9152-F1B093790E9D}.Release|x86.Build.0 = Release|Any CPU
		{28F0AC02-059B-4A41-91D6-E3E74FBE02BD}.Debug|Any CPU.ActiveCfg = Debug|Win32
		{28F0AC02-059B-4A41-91D6-E3E74FBE02BD}.Debug|x64.ActiveCfg = Debug|x64
		{28F0AC02-059B-4A41-91D6-E3E74FBE02BD}.Debug|x64.Build.0 = Debug|x64
		{28F0AC02-059B-4A41-91D6-E3E74FBE02BD}.Debug|x86.ActiveCfg = Debug|Win32
		{28F0AC02-059B-4A41-91D6-E3E74FBE02BD}.Debug|x86.Build.0 = Debug|Win32
		{28F0AC02-059B-4A41-91D6-E3E74FBE02BD}.Release|Any CPU.ActiveCfg = Release|Win32
		{28F0AC02-059B-4A41-91D6-E3E74FBE02BD}.Release|x64.ActiveCfg = Release|x64
		{28F0AC02-059B-4A41-91D6-E3E74FBE02BD}.Release|x64.Build.0 = Release|x64
		{28F0AC02-059B-4A41-91D6-E3E74FBE02BD}.Release|x86.ActiveCfg = Release|Win32
		{28F0AC02-059B-4A41-91D6-E3E74FBE02BD}.Release|x86.Build.0 = Release|Win32
	EndGlobalSection
	GlobalSection(SolutionProperties) = preSolution
		HideSolutionNode = FALSE
	EndGlobalSection
	GlobalSection(ExtensibilityGlobals) = postSolution
		SolutionGuid = {9B12E367-4FCF-4441-B1D5-53C39038C77F}
	EndGlobalSection
EndGlobal
