
Microsoft Visual Studio Solution File, Format Version 12.00
# Visual Studio Version 16
VisualStudioVersion = 16.0.28803.452
MinimumVisualStudioVersion = 10.0.40219.1
Project("{FAE04EC0-301F-11D3-BF4B-00C04F79EFBC}") = "InWords.Service.AuthTests", "InWords.Service.AuthTests\InWords.Service.AuthTests.csproj", "{3CC2E55C-A1D6-4157-9F55-8FA12CB1532F}"
EndProject
Project("{9A19103F-16F7-4668-BE54-9A1E7A4F7556}") = "InWords.Service.Auth", "..\..\InWords.WebApi\InWords.Service.Auth\InWords.Service.Auth.csproj", "{76B1ED6E-57BE-46AE-A22C-92EE65380288}"
EndProject
Global
	GlobalSection(SolutionConfigurationPlatforms) = preSolution
		Debug|Any CPU = Debug|Any CPU
		Release|Any CPU = Release|Any CPU
	EndGlobalSection
	GlobalSection(ProjectConfigurationPlatforms) = postSolution
		{3CC2E55C-A1D6-4157-9F55-8FA12CB1532F}.Debug|Any CPU.ActiveCfg = Debug|Any CPU
		{3CC2E55C-A1D6-4157-9F55-8FA12CB1532F}.Debug|Any CPU.Build.0 = Debug|Any CPU
		{3CC2E55C-A1D6-4157-9F55-8FA12CB1532F}.Release|Any CPU.ActiveCfg = Release|Any CPU
		{3CC2E55C-A1D6-4157-9F55-8FA12CB1532F}.Release|Any CPU.Build.0 = Release|Any CPU
		{76B1ED6E-57BE-46AE-A22C-92EE65380288}.Debug|Any CPU.ActiveCfg = Debug|Any CPU
		{76B1ED6E-57BE-46AE-A22C-92EE65380288}.Debug|Any CPU.Build.0 = Debug|Any CPU
		{76B1ED6E-57BE-46AE-A22C-92EE65380288}.Release|Any CPU.ActiveCfg = Release|Any CPU
		{76B1ED6E-57BE-46AE-A22C-92EE65380288}.Release|Any CPU.Build.0 = Release|Any CPU
	EndGlobalSection
	GlobalSection(SolutionProperties) = preSolution
		HideSolutionNode = FALSE
	EndGlobalSection
	GlobalSection(ExtensibilityGlobals) = postSolution
		SolutionGuid = {48D0CB45-CE08-467E-8763-E157EA49E65D}
	EndGlobalSection
EndGlobal
