
Microsoft Visual Studio Solution File, Format Version 12.00
# Visual Studio Version 16
VisualStudioVersion = 16.0.28803.452
MinimumVisualStudioVersion = 10.0.40219.1
Project("{9A19103F-16F7-4668-BE54-9A1E7A4F7556}") = "InWords.WebApiTests", "InWords.WebApiTests\InWords.WebApiTests.csproj", "{F959ECB2-A639-4314-9DE9-DB0041D0D1C2}"
EndProject
Project("{9A19103F-16F7-4668-BE54-9A1E7A4F7556}") = "InWords.WebApi", "..\..\InWords.WebApi\InWords.WebApi\InWords.WebApi.csproj", "{8BB5A928-A7BF-45F3-96CF-488BAE5A5F86}"
EndProject
Project("{9A19103F-16F7-4668-BE54-9A1E7A4F7556}") = "InWords.Data.DTO", "..\..\InWords.WebApi\InWords.Data.DTO\InWords.Data.DTO.csproj", "{0CD48833-C03A-464B-B2CA-F136648E93DF}"
EndProject
Global
	GlobalSection(SolutionConfigurationPlatforms) = preSolution
		Debug|Any CPU = Debug|Any CPU
		Release|Any CPU = Release|Any CPU
	EndGlobalSection
	GlobalSection(ProjectConfigurationPlatforms) = postSolution
		{F959ECB2-A639-4314-9DE9-DB0041D0D1C2}.Debug|Any CPU.ActiveCfg = Debug|Any CPU
		{F959ECB2-A639-4314-9DE9-DB0041D0D1C2}.Debug|Any CPU.Build.0 = Debug|Any CPU
		{F959ECB2-A639-4314-9DE9-DB0041D0D1C2}.Release|Any CPU.ActiveCfg = Release|Any CPU
		{F959ECB2-A639-4314-9DE9-DB0041D0D1C2}.Release|Any CPU.Build.0 = Release|Any CPU
		{8BB5A928-A7BF-45F3-96CF-488BAE5A5F86}.Debug|Any CPU.ActiveCfg = Debug|Any CPU
		{8BB5A928-A7BF-45F3-96CF-488BAE5A5F86}.Debug|Any CPU.Build.0 = Debug|Any CPU
		{8BB5A928-A7BF-45F3-96CF-488BAE5A5F86}.Release|Any CPU.ActiveCfg = Release|Any CPU
		{8BB5A928-A7BF-45F3-96CF-488BAE5A5F86}.Release|Any CPU.Build.0 = Release|Any CPU
		{0CD48833-C03A-464B-B2CA-F136648E93DF}.Debug|Any CPU.ActiveCfg = Debug|Any CPU
		{0CD48833-C03A-464B-B2CA-F136648E93DF}.Debug|Any CPU.Build.0 = Debug|Any CPU
		{0CD48833-C03A-464B-B2CA-F136648E93DF}.Release|Any CPU.ActiveCfg = Release|Any CPU
		{0CD48833-C03A-464B-B2CA-F136648E93DF}.Release|Any CPU.Build.0 = Release|Any CPU
	EndGlobalSection
	GlobalSection(SolutionProperties) = preSolution
		HideSolutionNode = FALSE
	EndGlobalSection
	GlobalSection(ExtensibilityGlobals) = postSolution
		SolutionGuid = {47ECC0D2-388A-4739-BE5A-9F97252F5057}
	EndGlobalSection
EndGlobal
