
Microsoft Visual Studio Solution File, Format Version 12.00
# Visual Studio 15
VisualStudioVersion = 15.0.28010.2036
MinimumVisualStudioVersion = 10.0.40219.1
Project("{9A19103F-16F7-4668-BE54-9A1E7A4F7556}") = "InWords.WebApiTests", "InWords.WebApiTests\InWords.WebApiTests.csproj", "{A850A64C-B1AA-4691-9F70-88ACCA26307A}"
EndProject
Project("{9A19103F-16F7-4668-BE54-9A1E7A4F7556}") = "InWords.Auth.TFA.Tests", "InWords.Auth.TFA.Tests\InWords.Auth.TFA.Tests.csproj", "{473C2DE9-3536-4027-9E6B-89C8C1C2998F}"
EndProject
Project("{9A19103F-16F7-4668-BE54-9A1E7A4F7556}") = "InWords.Auth.TFA", "..\InWords.WebApi\InWords.Auth.TFA\InWords.Auth.TFA.csproj", "{6A610613-0C51-4F1F-B3AB-DDABA5EF6B80}"
EndProject
Project("{9A19103F-16F7-4668-BE54-9A1E7A4F7556}") = "InWords.Service.Encryption.Tests", "InWords.Service.Encryption.Tests\InWords.Service.Encryption.Tests.csproj", "{EC0DCA1C-1A22-4587-9B4F-2DAA0BEAE40E}"
EndProject
Project("{9A19103F-16F7-4668-BE54-9A1E7A4F7556}") = "InWords.Service.Encryption", "..\InWords.WebApi\InWords.Service.Encryption\InWords.Service.Encryption.csproj", "{B72B477F-4445-4DF1-B067-3FE1FFBDD3A9}"
EndProject
Global
	GlobalSection(SolutionConfigurationPlatforms) = preSolution
		Debug|Any CPU = Debug|Any CPU
		Debug|x86 = Debug|x86
		Release|Any CPU = Release|Any CPU
		Release|x86 = Release|x86
	EndGlobalSection
	GlobalSection(ProjectConfigurationPlatforms) = postSolution
		{A850A64C-B1AA-4691-9F70-88ACCA26307A}.Debug|Any CPU.ActiveCfg = Debug|Any CPU
		{A850A64C-B1AA-4691-9F70-88ACCA26307A}.Debug|Any CPU.Build.0 = Debug|Any CPU
		{A850A64C-B1AA-4691-9F70-88ACCA26307A}.Debug|x86.ActiveCfg = Debug|Any CPU
		{A850A64C-B1AA-4691-9F70-88ACCA26307A}.Debug|x86.Build.0 = Debug|Any CPU
		{A850A64C-B1AA-4691-9F70-88ACCA26307A}.Release|Any CPU.ActiveCfg = Release|Any CPU
		{A850A64C-B1AA-4691-9F70-88ACCA26307A}.Release|Any CPU.Build.0 = Release|Any CPU
		{A850A64C-B1AA-4691-9F70-88ACCA26307A}.Release|x86.ActiveCfg = Release|Any CPU
		{A850A64C-B1AA-4691-9F70-88ACCA26307A}.Release|x86.Build.0 = Release|Any CPU
		{473C2DE9-3536-4027-9E6B-89C8C1C2998F}.Debug|Any CPU.ActiveCfg = Debug|Any CPU
		{473C2DE9-3536-4027-9E6B-89C8C1C2998F}.Debug|Any CPU.Build.0 = Debug|Any CPU
		{473C2DE9-3536-4027-9E6B-89C8C1C2998F}.Debug|x86.ActiveCfg = Debug|Any CPU
		{473C2DE9-3536-4027-9E6B-89C8C1C2998F}.Debug|x86.Build.0 = Debug|Any CPU
		{473C2DE9-3536-4027-9E6B-89C8C1C2998F}.Release|Any CPU.ActiveCfg = Release|Any CPU
		{473C2DE9-3536-4027-9E6B-89C8C1C2998F}.Release|Any CPU.Build.0 = Release|Any CPU
		{473C2DE9-3536-4027-9E6B-89C8C1C2998F}.Release|x86.ActiveCfg = Release|Any CPU
		{473C2DE9-3536-4027-9E6B-89C8C1C2998F}.Release|x86.Build.0 = Release|Any CPU
		{6A610613-0C51-4F1F-B3AB-DDABA5EF6B80}.Debug|Any CPU.ActiveCfg = Debug|Any CPU
		{6A610613-0C51-4F1F-B3AB-DDABA5EF6B80}.Debug|Any CPU.Build.0 = Debug|Any CPU
		{6A610613-0C51-4F1F-B3AB-DDABA5EF6B80}.Debug|x86.ActiveCfg = Debug|Any CPU
		{6A610613-0C51-4F1F-B3AB-DDABA5EF6B80}.Debug|x86.Build.0 = Debug|Any CPU
		{6A610613-0C51-4F1F-B3AB-DDABA5EF6B80}.Release|Any CPU.ActiveCfg = Release|Any CPU
		{6A610613-0C51-4F1F-B3AB-DDABA5EF6B80}.Release|Any CPU.Build.0 = Release|Any CPU
		{6A610613-0C51-4F1F-B3AB-DDABA5EF6B80}.Release|x86.ActiveCfg = Release|Any CPU
		{6A610613-0C51-4F1F-B3AB-DDABA5EF6B80}.Release|x86.Build.0 = Release|Any CPU
		{EC0DCA1C-1A22-4587-9B4F-2DAA0BEAE40E}.Debug|Any CPU.ActiveCfg = Debug|Any CPU
		{EC0DCA1C-1A22-4587-9B4F-2DAA0BEAE40E}.Debug|Any CPU.Build.0 = Debug|Any CPU
		{EC0DCA1C-1A22-4587-9B4F-2DAA0BEAE40E}.Debug|x86.ActiveCfg = Debug|Any CPU
		{EC0DCA1C-1A22-4587-9B4F-2DAA0BEAE40E}.Debug|x86.Build.0 = Debug|Any CPU
		{EC0DCA1C-1A22-4587-9B4F-2DAA0BEAE40E}.Release|Any CPU.ActiveCfg = Release|Any CPU
		{EC0DCA1C-1A22-4587-9B4F-2DAA0BEAE40E}.Release|Any CPU.Build.0 = Release|Any CPU
		{EC0DCA1C-1A22-4587-9B4F-2DAA0BEAE40E}.Release|x86.ActiveCfg = Release|Any CPU
		{EC0DCA1C-1A22-4587-9B4F-2DAA0BEAE40E}.Release|x86.Build.0 = Release|Any CPU
		{B72B477F-4445-4DF1-B067-3FE1FFBDD3A9}.Debug|Any CPU.ActiveCfg = Debug|Any CPU
		{B72B477F-4445-4DF1-B067-3FE1FFBDD3A9}.Debug|Any CPU.Build.0 = Debug|Any CPU
		{B72B477F-4445-4DF1-B067-3FE1FFBDD3A9}.Debug|x86.ActiveCfg = Debug|Any CPU
		{B72B477F-4445-4DF1-B067-3FE1FFBDD3A9}.Debug|x86.Build.0 = Debug|Any CPU
		{B72B477F-4445-4DF1-B067-3FE1FFBDD3A9}.Release|Any CPU.ActiveCfg = Release|Any CPU
		{B72B477F-4445-4DF1-B067-3FE1FFBDD3A9}.Release|Any CPU.Build.0 = Release|Any CPU
		{B72B477F-4445-4DF1-B067-3FE1FFBDD3A9}.Release|x86.ActiveCfg = Release|Any CPU
		{B72B477F-4445-4DF1-B067-3FE1FFBDD3A9}.Release|x86.Build.0 = Release|Any CPU
	EndGlobalSection
	GlobalSection(SolutionProperties) = preSolution
		HideSolutionNode = FALSE
	EndGlobalSection
	GlobalSection(ExtensibilityGlobals) = postSolution
		SolutionGuid = {23F0CE8F-9AB3-42FE-899B-9F8A8260599C}
	EndGlobalSection
EndGlobal
